version = 1
revision = 3
requires-python = "==3.12.*"

[[package]]
name = "ntplib"
version = "0.4.0"
source = { registry = "https://pypi.org/simple" }
sdist = { url = "https://files.pythonhosted.org/packages/b4/14/6b018fb602602d9f6cc7485cbad7c1be3a85d25cea18c233854f05284aed/ntplib-0.4.0.tar.gz", hash = "sha256:899d8fb5f8c2555213aea95efca02934c7343df6ace9d7628a5176b176906267", size = 7135, upload-time = "2021-05-28T19:08:54.394Z" }
wheels = [
    { url = "https://files.pythonhosted.org/packages/58/8c/41da70f6feaca807357206a376b6de2001b439c7f78f53473a914a6dbd1e/ntplib-0.4.0-py2.py3-none-any.whl", hash = "sha256:8d27375329ed7ff38755f7b6d4658b28edc147cadf40338a63a0da8133469d60", size = 6849, upload-time = "2021-05-28T19:08:53.323Z" },
]

[[package]]
name = "pyserial"
version = "3.5"
source = { registry = "https://pypi.org/simple" }
sdist = { url = "https://files.pythonhosted.org/packages/1e/7d/ae3f0a63f41e4d2f6cb66a5b57197850f919f59e558159a4dd3a818f5082/pyserial-3.5.tar.gz", hash = "sha256:3c77e014170dfffbd816e6ffc205e9842efb10be9f58ec16d3e8675b4925cddb", size = 159125, upload-time = "2020-11-23T03:59:15.045Z" }
wheels = [
    { url = "https://files.pythonhosted.org/packages/07/bc/587a445451b253b285629263eb51c2d8e9bcea4fc97826266d186f96f558/pyserial-3.5-py2.py3-none-any.whl", hash = "sha256:c4451db6ba391ca6ca299fb3ec7bae67a5c55dde170964c7a14ceefec02f2cf0", size = 90585, upload-time = "2020-11-23T03:59:13.41Z" },
]

[[package]]
name = "timesync"
version = "0.1.0"
source = { virtual = "." }
dependencies = [
    { name = "ntplib" },
    { name = "pyserial" },
]

[package.metadata]
requires-dist = [
    { name = "ntplib", specifier = "==0.4.0" },
    { name = "pyserial", specifier = "==3.5" },
]
